// !$*UTF8*$!
{
	archiveVersion = 1;
	classes = {
	};
	objectVersion = 56;
	objects = {

/* Begin PBXBuildFile section */
		47A2C60993745168DEB89ACD /* Pods_iMusic.framework in Frameworks */ = {isa = PBXBuildFile; fileRef = A0C30B8D9D1DA63D4AAC78E9 /* Pods_iMusic.framework */; };
		84956BE32C5264BC00F932CD /* Library.swift in Sources */ = {isa = PBXBuildFile; fileRef = 84956BE22C5264BC00F932CD /* Library.swift */; };
		84956BE52C53BE4100F932CD /* UsedDefaults + Extension.swift in Sources */ = {isa = PBXBuildFile; fileRef = 84956BE42C53BE4100F932CD /* UsedDefaults + Extension.swift */; };
		84A93B6E2C494CB700FA1A89 /* CMTime + Extension.swift in Sources */ = {isa = PBXBuildFile; fileRef = 84A93B6D2C494CB700FA1A89 /* CMTime + Extension.swift */; };
		84A93B702C4A722400FA1A89 /* Nib.swift in Sources */ = {isa = PBXBuildFile; fileRef = 84A93B6F2C4A722400FA1A89 /* Nib.swift */; };
		84B2519D2C4543A60063DDA1 /* AppDelegate.swift in Sources */ = {isa = PBXBuildFile; fileRef = 84B2519C2C4543A60063DDA1 /* AppDelegate.swift */; };
		84B2519F2C4543A60063DDA1 /* SceneDelegate.swift in Sources */ = {isa = PBXBuildFile; fileRef = 84B2519E2C4543A60063DDA1 /* SceneDelegate.swift */; };
		84B251A42C4543A60063DDA1 /* Base in Resources */ = {isa = PBXBuildFile; fileRef = 84B251A32C4543A60063DDA1 /* Base */; };
		84B251A62C4543A90063DDA1 /* Assets.xcassets in Resources */ = {isa = PBXBuildFile; fileRef = 84B251A52C4543A90063DDA1 /* Assets.xcassets */; };
		84B251A92C4543A90063DDA1 /* Base in Resources */ = {isa = PBXBuildFile; fileRef = 84B251A82C4543A90063DDA1 /* Base */; };
		84B251B12C4544490063DDA1 /* MainTabBarController.swift in Sources */ = {isa = PBXBuildFile; fileRef = 84B251B02C4544490063DDA1 /* MainTabBarController.swift */; };
		84B251B52C4583180063DDA1 /* SearchResponse.swift in Sources */ = {isa = PBXBuildFile; fileRef = 84B251B42C4583180063DDA1 /* SearchResponse.swift */; };
		84B251B72C466EDE0063DDA1 /* NetworkService.swift in Sources */ = {isa = PBXBuildFile; fileRef = 84B251B62C466EDE0063DDA1 /* NetworkService.swift */; };
		84B251D02C4673C60063DDA1 /* SearchPresenter.swift in Sources */ = {isa = PBXBuildFile; fileRef = 84B251C92C4673C60063DDA1 /* SearchPresenter.swift */; };
		84B251D12C4673C60063DDA1 /* SearchWorker.swift in Sources */ = {isa = PBXBuildFile; fileRef = 84B251CA2C4673C60063DDA1 /* SearchWorker.swift */; };
		84B251D22C4673C60063DDA1 /* SearchRouter.swift in Sources */ = {isa = PBXBuildFile; fileRef = 84B251CB2C4673C60063DDA1 /* SearchRouter.swift */; };
		84B251D32C4673C60063DDA1 /* SearchModels.swift in Sources */ = {isa = PBXBuildFile; fileRef = 84B251CC2C4673C60063DDA1 /* SearchModels.swift */; };
		84B251D42C4673C60063DDA1 /* SearchViewController.swift in Sources */ = {isa = PBXBuildFile; fileRef = 84B251CD2C4673C60063DDA1 /* SearchViewController.swift */; };
		84B251D52C4673C60063DDA1 /* SearchInteractor.swift in Sources */ = {isa = PBXBuildFile; fileRef = 84B251CE2C4673C60063DDA1 /* SearchInteractor.swift */; };
		84B251D82C4675570063DDA1 /* SearchViewController.storyboard in Resources */ = {isa = PBXBuildFile; fileRef = 84B251D72C4675570063DDA1 /* SearchViewController.storyboard */; };
		84B251DA2C4678210063DDA1 /* UiViewController + Storyboard.swift in Sources */ = {isa = PBXBuildFile; fileRef = 84B251D92C4678210063DDA1 /* UiViewController + Storyboard.swift */; };
		84B251DE2C46ED520063DDA1 /* TrackCell.xib in Resources */ = {isa = PBXBuildFile; fileRef = 84B251DD2C46ED520063DDA1 /* TrackCell.xib */; };
		84B251E02C46ED690063DDA1 /* TrackCell.swift in Sources */ = {isa = PBXBuildFile; fileRef = 84B251DF2C46ED690063DDA1 /* TrackCell.swift */; };
		84B251E42C47CBAB0063DDA1 /* FooterView.swift in Sources */ = {isa = PBXBuildFile; fileRef = 84B251E32C47CBAB0063DDA1 /* FooterView.swift */; };
		84B251E72C47DC210063DDA1 /* TrackDetailView.xib in Resources */ = {isa = PBXBuildFile; fileRef = 84B251E62C47DC210063DDA1 /* TrackDetailView.xib */; };
		84B251E92C47DC2D0063DDA1 /* TrackDetailView.swift in Sources */ = {isa = PBXBuildFile; fileRef = 84B251E82C47DC2D0063DDA1 /* TrackDetailView.swift */; };
		84B840F92C5425490053EBCC /* URLImage in Frameworks */ = {isa = PBXBuildFile; productRef = 84B840F82C5425490053EBCC /* URLImage */; };
		84B840FB2C5425490053EBCC /* URLImageStore in Frameworks */ = {isa = PBXBuildFile; productRef = 84B840FA2C5425490053EBCC /* URLImageStore */; };
/* End PBXBuildFile section */

/* Begin PBXFileReference section */
		2ADEA32F6C294F6474209257 /* Pods-iMusic.release.xcconfig */ = {isa = PBXFileReference; includeInIndex = 1; lastKnownFileType = text.xcconfig; name = "Pods-iMusic.release.xcconfig"; path = "Target Support Files/Pods-iMusic/Pods-iMusic.release.xcconfig"; sourceTree = "<group>"; };
		84956BE22C5264BC00F932CD /* Library.swift */ = {isa = PBXFileReference; lastKnownFileType = sourcecode.swift; path = Library.swift; sourceTree = "<group>"; };
		84956BE42C53BE4100F932CD /* UsedDefaults + Extension.swift */ = {isa = PBXFileReference; lastKnownFileType = sourcecode.swift; path = "UsedDefaults + Extension.swift"; sourceTree = "<group>"; };
		84A93B6D2C494CB700FA1A89 /* CMTime + Extension.swift */ = {isa = PBXFileReference; lastKnownFileType = sourcecode.swift; path = "CMTime + Extension.swift"; sourceTree = "<group>"; };
		84A93B6F2C4A722400FA1A89 /* Nib.swift */ = {isa = PBXFileReference; lastKnownFileType = sourcecode.swift; path = Nib.swift; sourceTree = "<group>"; };
		84B251992C4543A60063DDA1 /* iMusic.app */ = {isa = PBXFileReference; explicitFileType = wrapper.application; includeInIndex = 0; path = iMusic.app; sourceTree = BUILT_PRODUCTS_DIR; };
		84B2519C2C4543A60063DDA1 /* AppDelegate.swift */ = {isa = PBXFileReference; lastKnownFileType = sourcecode.swift; path = AppDelegate.swift; sourceTree = "<group>"; };
		84B2519E2C4543A60063DDA1 /* SceneDelegate.swift */ = {isa = PBXFileReference; lastKnownFileType = sourcecode.swift; path = SceneDelegate.swift; sourceTree = "<group>"; };
		84B251A32C4543A60063DDA1 /* Base */ = {isa = PBXFileReference; lastKnownFileType = file.storyboard; name = Base; path = Base.lproj/Main.storyboard; sourceTree = "<group>"; };
		84B251A52C4543A90063DDA1 /* Assets.xcassets */ = {isa = PBXFileReference; lastKnownFileType = folder.assetcatalog; path = Assets.xcassets; sourceTree = "<group>"; };
		84B251A82C4543A90063DDA1 /* Base */ = {isa = PBXFileReference; lastKnownFileType = file.storyboard; name = Base; path = Base.lproj/LaunchScreen.storyboard; sourceTree = "<group>"; };
		84B251AA2C4543A90063DDA1 /* Info.plist */ = {isa = PBXFileReference; lastKnownFileType = text.plist.xml; path = Info.plist; sourceTree = "<group>"; };
		84B251B02C4544490063DDA1 /* MainTabBarController.swift */ = {isa = PBXFileReference; lastKnownFileType = sourcecode.swift; path = MainTabBarController.swift; sourceTree = "<group>"; };
		84B251B42C4583180063DDA1 /* SearchResponse.swift */ = {isa = PBXFileReference; lastKnownFileType = sourcecode.swift; path = SearchResponse.swift; sourceTree = "<group>"; };
		84B251B62C466EDE0063DDA1 /* NetworkService.swift */ = {isa = PBXFileReference; lastKnownFileType = sourcecode.swift; path = NetworkService.swift; sourceTree = "<group>"; };
		84B251C92C4673C60063DDA1 /* SearchPresenter.swift */ = {isa = PBXFileReference; lastKnownFileType = sourcecode.swift; path = SearchPresenter.swift; sourceTree = "<group>"; };
		84B251CA2C4673C60063DDA1 /* SearchWorker.swift */ = {isa = PBXFileReference; lastKnownFileType = sourcecode.swift; path = SearchWorker.swift; sourceTree = "<group>"; };
		84B251CB2C4673C60063DDA1 /* SearchRouter.swift */ = {isa = PBXFileReference; lastKnownFileType = sourcecode.swift; path = SearchRouter.swift; sourceTree = "<group>"; };
		84B251CC2C4673C60063DDA1 /* SearchModels.swift */ = {isa = PBXFileReference; lastKnownFileType = sourcecode.swift; path = SearchModels.swift; sourceTree = "<group>"; };
		84B251CD2C4673C60063DDA1 /* SearchViewController.swift */ = {isa = PBXFileReference; lastKnownFileType = sourcecode.swift; path = SearchViewController.swift; sourceTree = "<group>"; };
		84B251CE2C4673C60063DDA1 /* SearchInteractor.swift */ = {isa = PBXFileReference; lastKnownFileType = sourcecode.swift; path = SearchInteractor.swift; sourceTree = "<group>"; };
		84B251D72C4675570063DDA1 /* SearchViewController.storyboard */ = {isa = PBXFileReference; lastKnownFileType = file.storyboard; path = SearchViewController.storyboard; sourceTree = "<group>"; };
		84B251D92C4678210063DDA1 /* UiViewController + Storyboard.swift */ = {isa = PBXFileReference; lastKnownFileType = sourcecode.swift; path = "UiViewController + Storyboard.swift"; sourceTree = "<group>"; };
		84B251DD2C46ED520063DDA1 /* TrackCell.xib */ = {isa = PBXFileReference; lastKnownFileType = file.xib; path = TrackCell.xib; sourceTree = "<group>"; };
		84B251DF2C46ED690063DDA1 /* TrackCell.swift */ = {isa = PBXFileReference; lastKnownFileType = sourcecode.swift; path = TrackCell.swift; sourceTree = "<group>"; };
		84B251E32C47CBAB0063DDA1 /* FooterView.swift */ = {isa = PBXFileReference; lastKnownFileType = sourcecode.swift; path = FooterView.swift; sourceTree = "<group>"; };
		84B251E62C47DC210063DDA1 /* TrackDetailView.xib */ = {isa = PBXFileReference; lastKnownFileType = file.xib; path = TrackDetailView.xib; sourceTree = "<group>"; };
		84B251E82C47DC2D0063DDA1 /* TrackDetailView.swift */ = {isa = PBXFileReference; lastKnownFileType = sourcecode.swift; path = TrackDetailView.swift; sourceTree = "<group>"; };
		8CEB1EF8111765967CC17E20 /* Pods-iMusic.debug.xcconfig */ = {isa = PBXFileReference; includeInIndex = 1; lastKnownFileType = text.xcconfig; name = "Pods-iMusic.debug.xcconfig"; path = "Target Support Files/Pods-iMusic/Pods-iMusic.debug.xcconfig"; sourceTree = "<group>"; };
		A0C30B8D9D1DA63D4AAC78E9 /* Pods_iMusic.framework */ = {isa = PBXFileReference; explicitFileType = wrapper.framework; includeInIndex = 0; path = Pods_iMusic.framework; sourceTree = BUILT_PRODUCTS_DIR; };
/* End PBXFileReference section */

/* Begin PBXFrameworksBuildPhase section */
		84B251962C4543A60063DDA1 /* Frameworks */ = {
			isa = PBXFrameworksBuildPhase;
			buildActionMask = 2147483647;
			files = (
				84B840F92C5425490053EBCC /* URLImage in Frameworks */,
				84B840FB2C5425490053EBCC /* URLImageStore in Frameworks */,
				47A2C60993745168DEB89ACD /* Pods_iMusic.framework in Frameworks */,
			);
			runOnlyForDeploymentPostprocessing = 0;
		};
/* End PBXFrameworksBuildPhase section */

/* Begin PBXGroup section */
		539BF6DDF90316B1A1D8DB23 /* Frameworks */ = {
			isa = PBXGroup;
			children = (
				A0C30B8D9D1DA63D4AAC78E9 /* Pods_iMusic.framework */,
			);
			name = Frameworks;
			sourceTree = "<group>";
		};
		84A93B6C2C494BC800FA1A89 /* TabBar */ = {
			isa = PBXGroup;
			children = (
				84B251B02C4544490063DDA1 /* MainTabBarController.swift */,
			);
			path = TabBar;
			sourceTree = "<group>";
		};
		84B251902C4543A60063DDA1 = {
			isa = PBXGroup;
			children = (
				84B2519B2C4543A60063DDA1 /* iMusic */,
				84B2519A2C4543A60063DDA1 /* Products */,
				C34398E2CA8331C0839F60CD /* Pods */,
				539BF6DDF90316B1A1D8DB23 /* Frameworks */,
			);
			sourceTree = "<group>";
		};
		84B2519A2C4543A60063DDA1 /* Products */ = {
			isa = PBXGroup;
			children = (
				84B251992C4543A60063DDA1 /* iMusic.app */,
			);
			name = Products;
			sourceTree = "<group>";
		};
		84B2519B2C4543A60063DDA1 /* iMusic */ = {
			isa = PBXGroup;
			children = (
				84B251C82C4673600063DDA1 /* App */,
				84A93B6C2C494BC800FA1A89 /* TabBar */,
				84956BE22C5264BC00F932CD /* Library.swift */,
				84B251C72C4673560063DDA1 /* Services */,
				84B251B82C4672FF0063DDA1 /* Search */,
				84B251A22C4543A60063DDA1 /* Main.storyboard */,
				84B251A52C4543A90063DDA1 /* Assets.xcassets */,
				84B251A72C4543A90063DDA1 /* LaunchScreen.storyboard */,
				84B251AA2C4543A90063DDA1 /* Info.plist */,
				84B251DB2C4678250063DDA1 /* Helpers */,
			);
			path = iMusic;
			sourceTree = "<group>";
		};
		84B251B82C4672FF0063DDA1 /* Search */ = {
			isa = PBXGroup;
			children = (
				84B251E52C47DC0C0063DDA1 /* TrackDetalView */,
				84B251E22C47CB9F0063DDA1 /* FooterView */,
				84B251DC2C46ED3E0063DDA1 /* Cell */,
				84B251D72C4675570063DDA1 /* SearchViewController.storyboard */,
				84B251CD2C4673C60063DDA1 /* SearchViewController.swift */,
				84B251CE2C4673C60063DDA1 /* SearchInteractor.swift */,
				84B251C92C4673C60063DDA1 /* SearchPresenter.swift */,
				84B251CC2C4673C60063DDA1 /* SearchModels.swift */,
				84B251CA2C4673C60063DDA1 /* SearchWorker.swift */,
				84B251CB2C4673C60063DDA1 /* SearchRouter.swift */,
			);
			path = Search;
			sourceTree = "<group>";
		};
		84B251C72C4673560063DDA1 /* Services */ = {
			isa = PBXGroup;
			children = (
				84B251E12C46F4640063DDA1 /* Models */,
				84B251B62C466EDE0063DDA1 /* NetworkService.swift */,
			);
			path = Services;
			sourceTree = "<group>";
		};
		84B251C82C4673600063DDA1 /* App */ = {
			isa = PBXGroup;
			children = (
				84B2519C2C4543A60063DDA1 /* AppDelegate.swift */,
				84B2519E2C4543A60063DDA1 /* SceneDelegate.swift */,
			);
			path = App;
			sourceTree = "<group>";
		};
		84B251DB2C4678250063DDA1 /* Helpers */ = {
			isa = PBXGroup;
			children = (
				84B251D92C4678210063DDA1 /* UiViewController + Storyboard.swift */,
				84A93B6D2C494CB700FA1A89 /* CMTime + Extension.swift */,
				84A93B6F2C4A722400FA1A89 /* Nib.swift */,
				84956BE42C53BE4100F932CD /* UsedDefaults + Extension.swift */,
			);
			path = Helpers;
			sourceTree = "<group>";
		};
		84B251DC2C46ED3E0063DDA1 /* Cell */ = {
			isa = PBXGroup;
			children = (
				84B251DD2C46ED520063DDA1 /* TrackCell.xib */,
				84B251DF2C46ED690063DDA1 /* TrackCell.swift */,
			);
			path = Cell;
			sourceTree = "<group>";
		};
		84B251E12C46F4640063DDA1 /* Models */ = {
			isa = PBXGroup;
			children = (
				84B251B42C4583180063DDA1 /* SearchResponse.swift */,
			);
			path = Models;
			sourceTree = "<group>";
		};
		84B251E22C47CB9F0063DDA1 /* FooterView */ = {
			isa = PBXGroup;
			children = (
				84B251E32C47CBAB0063DDA1 /* FooterView.swift */,
			);
			path = FooterView;
			sourceTree = "<group>";
		};
		84B251E52C47DC0C0063DDA1 /* TrackDetalView */ = {
			isa = PBXGroup;
			children = (
				84B251E62C47DC210063DDA1 /* TrackDetailView.xib */,
				84B251E82C47DC2D0063DDA1 /* TrackDetailView.swift */,
			);
			path = TrackDetalView;
			sourceTree = "<group>";
		};
		C34398E2CA8331C0839F60CD /* Pods */ = {
			isa = PBXGroup;
			children = (
				8CEB1EF8111765967CC17E20 /* Pods-iMusic.debug.xcconfig */,
				2ADEA32F6C294F6474209257 /* Pods-iMusic.release.xcconfig */,
			);
			path = Pods;
			sourceTree = "<group>";
		};
/* End PBXGroup section */

/* Begin PBXNativeTarget section */
		84B251982C4543A60063DDA1 /* iMusic */ = {
			isa = PBXNativeTarget;
			buildConfigurationList = 84B251AD2C4543A90063DDA1 /* Build configuration list for PBXNativeTarget "iMusic" */;
			buildPhases = (
				D194441CD14744DD5238AED2 /* [CP] Check Pods Manifest.lock */,
				84B251952C4543A60063DDA1 /* Sources */,
				84B251962C4543A60063DDA1 /* Frameworks */,
				84B251972C4543A60063DDA1 /* Resources */,
				48F2546CFC32962470466D8E /* [CP] Embed Pods Frameworks */,
			);
			buildRules = (
			);
			dependencies = (
			);
			name = iMusic;
			packageProductDependencies = (
				84B840F82C5425490053EBCC /* URLImage */,
				84B840FA2C5425490053EBCC /* URLImageStore */,
			);
			productName = iMusic;
			productReference = 84B251992C4543A60063DDA1 /* iMusic.app */;
			productType = "com.apple.product-type.application";
		};
/* End PBXNativeTarget section */

/* Begin PBXProject section */
		84B251912C4543A60063DDA1 /* Project object */ = {
			isa = PBXProject;
			attributes = {
				BuildIndependentTargetsInParallel = 1;
				LastSwiftUpdateCheck = 1530;
				LastUpgradeCheck = 1530;
				TargetAttributes = {
					84B251982C4543A60063DDA1 = {
						CreatedOnToolsVersion = 15.3;
					};
				};
			};
			buildConfigurationList = 84B251942C4543A60063DDA1 /* Build configuration list for PBXProject "iMusic" */;
			compatibilityVersion = "Xcode 14.0";
			developmentRegion = en;
			hasScannedForEncodings = 0;
			knownRegions = (
				en,
				Base,
			);
			mainGroup = 84B251902C4543A60063DDA1;
			packageReferences = (
				84B840F72C5425490053EBCC /* XCRemoteSwiftPackageReference "url-image" */,
			);
			productRefGroup = 84B2519A2C4543A60063DDA1 /* Products */;
			projectDirPath = "";
			projectRoot = "";
			targets = (
				84B251982C4543A60063DDA1 /* iMusic */,
			);
		};
/* End PBXProject section */

/* Begin PBXResourcesBuildPhase section */
		84B251972C4543A60063DDA1 /* Resources */ = {
			isa = PBXResourcesBuildPhase;
			buildActionMask = 2147483647;
			files = (
				84B251A62C4543A90063DDA1 /* Assets.xcassets in Resources */,
				84B251E72C47DC210063DDA1 /* TrackDetailView.xib in Resources */,
				84B251DE2C46ED520063DDA1 /* TrackCell.xib in Resources */,
				84B251A92C4543A90063DDA1 /* Base in Resources */,
				84B251D82C4675570063DDA1 /* SearchViewController.storyboard in Resources */,
				84B251A42C4543A60063DDA1 /* Base in Resources */,
			);
			runOnlyForDeploymentPostprocessing = 0;
		};
/* End PBXResourcesBuildPhase section */

/* Begin PBXShellScriptBuildPhase section */
		48F2546CFC32962470466D8E /* [CP] Embed Pods Frameworks */ = {
			isa = PBXShellScriptBuildPhase;
			buildActionMask = 2147483647;
			files = (
			);
			inputFileListPaths = (
				"${PODS_ROOT}/Target Support Files/Pods-iMusic/Pods-iMusic-frameworks-${CONFIGURATION}-input-files.xcfilelist",
			);
			name = "[CP] Embed Pods Frameworks";
			outputFileListPaths = (
				"${PODS_ROOT}/Target Support Files/Pods-iMusic/Pods-iMusic-frameworks-${CONFIGURATION}-output-files.xcfilelist",
			);
			runOnlyForDeploymentPostprocessing = 0;
			shellPath = /bin/sh;
			shellScript = "\"${PODS_ROOT}/Target Support Files/Pods-iMusic/Pods-iMusic-frameworks.sh\"\n";
			showEnvVarsInLog = 0;
		};
		D194441CD14744DD5238AED2 /* [CP] Check Pods Manifest.lock */ = {
			isa = PBXShellScriptBuildPhase;
			buildActionMask = 2147483647;
			files = (
			);
			inputFileListPaths = (
			);
			inputPaths = (
				"${PODS_PODFILE_DIR_PATH}/Podfile.lock",
				"${PODS_ROOT}/Manifest.lock",
			);
			name = "[CP] Check Pods Manifest.lock";
			outputFileListPaths = (
			);
			outputPaths = (
				"$(DERIVED_FILE_DIR)/Pods-iMusic-checkManifestLockResult.txt",
			);
			runOnlyForDeploymentPostprocessing = 0;
			shellPath = /bin/sh;
			shellScript = "diff \"${PODS_PODFILE_DIR_PATH}/Podfile.lock\" \"${PODS_ROOT}/Manifest.lock\" > /dev/null\nif [ $? != 0 ] ; then\n    # print error to STDERR\n    echo \"error: The sandbox is not in sync with the Podfile.lock. Run 'pod install' or update your CocoaPods installation.\" >&2\n    exit 1\nfi\n# This output is used by Xcode 'outputs' to avoid re-running this script phase.\necho \"SUCCESS\" > \"${SCRIPT_OUTPUT_FILE_0}\"\n";
			showEnvVarsInLog = 0;
		};
/* End PBXShellScriptBuildPhase section */

/* Begin PBXSourcesBuildPhase section */
		84B251952C4543A60063DDA1 /* Sources */ = {
			isa = PBXSourcesBuildPhase;
			buildActionMask = 2147483647;
			files = (
				84B251D02C4673C60063DDA1 /* SearchPresenter.swift in Sources */,
				84B251D12C4673C60063DDA1 /* SearchWorker.swift in Sources */,
				84B251D22C4673C60063DDA1 /* SearchRouter.swift in Sources */,
				84B251E42C47CBAB0063DDA1 /* FooterView.swift in Sources */,
				84B251E02C46ED690063DDA1 /* TrackCell.swift in Sources */,
				84956BE32C5264BC00F932CD /* Library.swift in Sources */,
				84B251DA2C4678210063DDA1 /* UiViewController + Storyboard.swift in Sources */,
				84A93B702C4A722400FA1A89 /* Nib.swift in Sources */,
				84B251D32C4673C60063DDA1 /* SearchModels.swift in Sources */,
				84956BE52C53BE4100F932CD /* UsedDefaults + Extension.swift in Sources */,
				84B251D42C4673C60063DDA1 /* SearchViewController.swift in Sources */,
				84B251D52C4673C60063DDA1 /* SearchInteractor.swift in Sources */,
				84B251B52C4583180063DDA1 /* SearchResponse.swift in Sources */,
				84A93B6E2C494CB700FA1A89 /* CMTime + Extension.swift in Sources */,
				84B2519D2C4543A60063DDA1 /* AppDelegate.swift in Sources */,
				84B251B12C4544490063DDA1 /* MainTabBarController.swift in Sources */,
				84B2519F2C4543A60063DDA1 /* SceneDelegate.swift in Sources */,
				84B251E92C47DC2D0063DDA1 /* TrackDetailView.swift in Sources */,
				84B251B72C466EDE0063DDA1 /* NetworkService.swift in Sources */,
			);
			runOnlyForDeploymentPostprocessing = 0;
		};
/* End PBXSourcesBuildPhase section */

/* Begin PBXVariantGroup section */
		84B251A22C4543A60063DDA1 /* Main.storyboard */ = {
			isa = PBXVariantGroup;
			children = (
				84B251A32C4543A60063DDA1 /* Base */,
			);
			name = Main.storyboard;
			sourceTree = "<group>";
		};
		84B251A72C4543A90063DDA1 /* LaunchScreen.storyboard */ = {
			isa = PBXVariantGroup;
			children = (
				84B251A82C4543A90063DDA1 /* Base */,
			);
			name = LaunchScreen.storyboard;
			sourceTree = "<group>";
		};
/* End PBXVariantGroup section */

/* Begin XCBuildConfiguration section */
		84B251AB2C4543A90063DDA1 /* Debug */ = {
			isa = XCBuildConfiguration;
			buildSettings = {
				ALWAYS_SEARCH_USER_PATHS = NO;
				ASSETCATALOG_COMPILER_GENERATE_SWIFT_ASSET_SYMBOL_EXTENSIONS = YES;
				CLANG_ANALYZER_NONNULL = YES;
				CLANG_ANALYZER_NUMBER_OBJECT_CONVERSION = YES_AGGRESSIVE;
				CLANG_CXX_LANGUAGE_STANDARD = "gnu++20";
				CLANG_ENABLE_MODULES = YES;
				CLANG_ENABLE_OBJC_ARC = YES;
				CLANG_ENABLE_OBJC_WEAK = YES;
				CLANG_WARN_BLOCK_CAPTURE_AUTORELEASING = YES;
				CLANG_WARN_BOOL_CONVERSION = YES;
				CLANG_WARN_COMMA = YES;
				CLANG_WARN_CONSTANT_CONVERSION = YES;
				CLANG_WARN_DEPRECATED_OBJC_IMPLEMENTATIONS = YES;
				CLANG_WARN_DIRECT_OBJC_ISA_USAGE = YES_ERROR;
				CLANG_WARN_DOCUMENTATION_COMMENTS = YES;
				CLANG_WARN_EMPTY_BODY = YES;
				CLANG_WARN_ENUM_CONVERSION = YES;
				CLANG_WARN_INFINITE_RECURSION = YES;
				CLANG_WARN_INT_CONVERSION = YES;
				CLANG_WARN_NON_LITERAL_NULL_CONVERSION = YES;
				CLANG_WARN_OBJC_IMPLICIT_RETAIN_SELF = YES;
				CLANG_WARN_OBJC_LITERAL_CONVERSION = YES;
				CLANG_WARN_OBJC_ROOT_CLASS = YES_ERROR;
				CLANG_WARN_QUOTED_INCLUDE_IN_FRAMEWORK_HEADER = YES;
				CLANG_WARN_RANGE_LOOP_ANALYSIS = YES;
				CLANG_WARN_STRICT_PROTOTYPES = YES;
				CLANG_WARN_SUSPICIOUS_MOVE = YES;
				CLANG_WARN_UNGUARDED_AVAILABILITY = YES_AGGRESSIVE;
				CLANG_WARN_UNREACHABLE_CODE = YES;
				CLANG_WARN__DUPLICATE_METHOD_MATCH = YES;
				COPY_PHASE_STRIP = NO;
				DEBUG_INFORMATION_FORMAT = dwarf;
				ENABLE_STRICT_OBJC_MSGSEND = YES;
				ENABLE_TESTABILITY = YES;
				ENABLE_USER_SCRIPT_SANDBOXING = NO;
				GCC_C_LANGUAGE_STANDARD = gnu17;
				GCC_DYNAMIC_NO_PIC = NO;
				GCC_NO_COMMON_BLOCKS = YES;
				GCC_OPTIMIZATION_LEVEL = 0;
				GCC_PREPROCESSOR_DEFINITIONS = (
					"DEBUG=1",
					"$(inherited)",
				);
				GCC_WARN_64_TO_32_BIT_CONVERSION = YES;
				GCC_WARN_ABOUT_RETURN_TYPE = YES_ERROR;
				GCC_WARN_UNDECLARED_SELECTOR = YES;
				GCC_WARN_UNINITIALIZED_AUTOS = YES_AGGRESSIVE;
				GCC_WARN_UNUSED_FUNCTION = YES;
				GCC_WARN_UNUSED_VARIABLE = YES;
				IPHONEOS_DEPLOYMENT_TARGET = 17.4;
				LOCALIZATION_PREFERS_STRING_CATALOGS = YES;
				MTL_ENABLE_DEBUG_INFO = INCLUDE_SOURCE;
				MTL_FAST_MATH = YES;
				ONLY_ACTIVE_ARCH = YES;
				SDKROOT = iphoneos;
				SWIFT_ACTIVE_COMPILATION_CONDITIONS = "DEBUG $(inherited)";
				SWIFT_OPTIMIZATION_LEVEL = "-Onone";
			};
			name = Debug;
		};
		84B251AC2C4543A90063DDA1 /* Release */ = {
			isa = XCBuildConfiguration;
			buildSettings = {
				ALWAYS_SEARCH_USER_PATHS = NO;
				ASSETCATALOG_COMPILER_GENERATE_SWIFT_ASSET_SYMBOL_EXTENSIONS = YES;
				CLANG_ANALYZER_NONNULL = YES;
				CLANG_ANALYZER_NUMBER_OBJECT_CONVERSION = YES_AGGRESSIVE;
				CLANG_CXX_LANGUAGE_STANDARD = "gnu++20";
				CLANG_ENABLE_MODULES = YES;
				CLANG_ENABLE_OBJC_ARC = YES;
				CLANG_ENABLE_OBJC_WEAK = YES;
				CLANG_WARN_BLOCK_CAPTURE_AUTORELEASING = YES;
				CLANG_WARN_BOOL_CONVERSION = YES;
				CLANG_WARN_COMMA = YES;
				CLANG_WARN_CONSTANT_CONVERSION = YES;
				CLANG_WARN_DEPRECATED_OBJC_IMPLEMENTATIONS = YES;
				CLANG_WARN_DIRECT_OBJC_ISA_USAGE = YES_ERROR;
				CLANG_WARN_DOCUMENTATION_COMMENTS = YES;
				CLANG_WARN_EMPTY_BODY = YES;
				CLANG_WARN_ENUM_CONVERSION = YES;
				CLANG_WARN_INFINITE_RECURSION = YES;
				CLANG_WARN_INT_CONVERSION = YES;
				CLANG_WARN_NON_LITERAL_NULL_CONVERSION = YES;
				CLANG_WARN_OBJC_IMPLICIT_RETAIN_SELF = YES;
				CLANG_WARN_OBJC_LITERAL_CONVERSION = YES;
				CLANG_WARN_OBJC_ROOT_CLASS = YES_ERROR;
				CLANG_WARN_QUOTED_INCLUDE_IN_FRAMEWORK_HEADER = YES;
				CLANG_WARN_RANGE_LOOP_ANALYSIS = YES;
				CLANG_WARN_STRICT_PROTOTYPES = YES;
				CLANG_WARN_SUSPICIOUS_MOVE = YES;
				CLANG_WARN_UNGUARDED_AVAILABILITY = YES_AGGRESSIVE;
				CLANG_WARN_UNREACHABLE_CODE = YES;
				CLANG_WARN__DUPLICATE_METHOD_MATCH = YES;
				COPY_PHASE_STRIP = NO;
				DEBUG_INFORMATION_FORMAT = "dwarf-with-dsym";
				ENABLE_NS_ASSERTIONS = NO;
				ENABLE_STRICT_OBJC_MSGSEND = YES;
				ENABLE_USER_SCRIPT_SANDBOXING = NO;
				GCC_C_LANGUAGE_STANDARD = gnu17;
				GCC_NO_COMMON_BLOCKS = YES;
				GCC_WARN_64_TO_32_BIT_CONVERSION = YES;
				GCC_WARN_ABOUT_RETURN_TYPE = YES_ERROR;
				GCC_WARN_UNDECLARED_SELECTOR = YES;
				GCC_WARN_UNINITIALIZED_AUTOS = YES_AGGRESSIVE;
				GCC_WARN_UNUSED_FUNCTION = YES;
				GCC_WARN_UNUSED_VARIABLE = YES;
				IPHONEOS_DEPLOYMENT_TARGET = 17.4;
				LOCALIZATION_PREFERS_STRING_CATALOGS = YES;
				MTL_ENABLE_DEBUG_INFO = NO;
				MTL_FAST_MATH = YES;
				SDKROOT = iphoneos;
				SWIFT_COMPILATION_MODE = wholemodule;
				VALIDATE_PRODUCT = YES;
			};
			name = Release;
		};
		84B251AE2C4543A90063DDA1 /* Debug */ = {
			isa = XCBuildConfiguration;
			baseConfigurationReference = 8CEB1EF8111765967CC17E20 /* Pods-iMusic.debug.xcconfig */;
			buildSettings = {
				ASSETCATALOG_COMPILER_APPICON_NAME = AppIcon;
				ASSETCATALOG_COMPILER_GLOBAL_ACCENT_COLOR_NAME = AccentColor;
				CODE_SIGN_STYLE = Automatic;
				CURRENT_PROJECT_VERSION = 1;
				DEVELOPMENT_TEAM = U423669TKH;
				GENERATE_INFOPLIST_FILE = YES;
				INFOPLIST_FILE = iMusic/Info.plist;
				INFOPLIST_KEY_UIApplicationSupportsIndirectInputEvents = YES;
				INFOPLIST_KEY_UILaunchStoryboardName = LaunchScreen;
				INFOPLIST_KEY_UIMainStoryboardFile = Main;
				INFOPLIST_KEY_UISupportedInterfaceOrientations = UIInterfaceOrientationPortrait;
				INFOPLIST_KEY_UISupportedInterfaceOrientations_iPad = "UIInterfaceOrientationLandscapeLeft UIInterfaceOrientationLandscapeRight UIInterfaceOrientationPortrait UIInterfaceOrientationPortraitUpsideDown";
				IPHONEOS_DEPLOYMENT_TARGET = 13.4;
				LD_RUNPATH_SEARCH_PATHS = (
					"$(inherited)",
					"@executable_path/Frameworks",
				);
				MARKETING_VERSION = 1.0;
				PRODUCT_BUNDLE_IDENTIFIER = sv.iMusic;
				PRODUCT_NAME = "$(TARGET_NAME)";
				SUPPORTED_PLATFORMS = "iphoneos iphonesimulator";
				SUPPORTS_MACCATALYST = NO;
				SUPPORTS_MAC_DESIGNED_FOR_IPHONE_IPAD = NO;
				SUPPORTS_XR_DESIGNED_FOR_IPHONE_IPAD = NO;
				SWIFT_EMIT_LOC_STRINGS = YES;
				SWIFT_VERSION = 5.0;
				TARGETED_DEVICE_FAMILY = 1;
			};
			name = Debug;
		};
		84B251AF2C4543A90063DDA1 /* Release */ = {
			isa = XCBuildConfiguration;
			baseConfigurationReference = 2ADEA32F6C294F6474209257 /* Pods-iMusic.release.xcconfig */;
			buildSettings = {
				ASSETCATALOG_COMPILER_APPICON_NAME = AppIcon;
				ASSETCATALOG_COMPILER_GLOBAL_ACCENT_COLOR_NAME = AccentColor;
				CODE_SIGN_STYLE = Automatic;
				CURRENT_PROJECT_VERSION = 1;
				DEVELOPMENT_TEAM = U423669TKH;
				GENERATE_INFOPLIST_FILE = YES;
				INFOPLIST_FILE = iMusic/Info.plist;
				INFOPLIST_KEY_UIApplicationSupportsIndirectInputEvents = YES;
				INFOPLIST_KEY_UILaunchStoryboardName = LaunchScreen;
				INFOPLIST_KEY_UIMainStoryboardFile = Main;
				INFOPLIST_KEY_UISupportedInterfaceOrientations = UIInterfaceOrientationPortrait;
				INFOPLIST_KEY_UISupportedInterfaceOrientations_iPad = "UIInterfaceOrientationLandscapeLeft UIInterfaceOrientationLandscapeRight UIInterfaceOrientationPortrait UIInterfaceOrientationPortraitUpsideDown";
				IPHONEOS_DEPLOYMENT_TARGET = 13.4;
				LD_RUNPATH_SEARCH_PATHS = (
					"$(inherited)",
					"@executable_path/Frameworks",
				);
				MARKETING_VERSION = 1.0;
				PRODUCT_BUNDLE_IDENTIFIER = sv.iMusic;
				PRODUCT_NAME = "$(TARGET_NAME)";
				SUPPORTED_PLATFORMS = "iphoneos iphonesimulator";
				SUPPORTS_MACCATALYST = NO;
				SUPPORTS_MAC_DESIGNED_FOR_IPHONE_IPAD = NO;
				SUPPORTS_XR_DESIGNED_FOR_IPHONE_IPAD = NO;
				SWIFT_EMIT_LOC_STRINGS = YES;
				SWIFT_VERSION = 5.0;
				TARGETED_DEVICE_FAMILY = 1;
			};
			name = Release;
		};
/* End XCBuildConfiguration section */

/* Begin XCConfigurationList section */
		84B251942C4543A60063DDA1 /* Build configuration list for PBXProject "iMusic" */ = {
			isa = XCConfigurationList;
			buildConfigurations = (
				84B251AB2C4543A90063DDA1 /* Debug */,
				84B251AC2C4543A90063DDA1 /* Release */,
			);
			defaultConfigurationIsVisible = 0;
			defaultConfigurationName = Release;
		};
		84B251AD2C4543A90063DDA1 /* Build configuration list for PBXNativeTarget "iMusic" */ = {
			isa = XCConfigurationList;
			buildConfigurations = (
				84B251AE2C4543A90063DDA1 /* Debug */,
				84B251AF2C4543A90063DDA1 /* Release */,
			);
			defaultConfigurationIsVisible = 0;
			defaultConfigurationName = Release;
		};
/* End XCConfigurationList section */

/* Begin XCRemoteSwiftPackageReference section */
		84B840F72C5425490053EBCC /* XCRemoteSwiftPackageReference "url-image" */ = {
			isa = XCRemoteSwiftPackageReference;
			repositoryURL = "https://github.com/dmytro-anokhin/url-image";
			requirement = {
				kind = upToNextMajorVersion;
				minimumVersion = 3.1.1;
			};
		};
/* End XCRemoteSwiftPackageReference section */

/* Begin XCSwiftPackageProductDependency section */
		84B840F82C5425490053EBCC /* URLImage */ = {
			isa = XCSwiftPackageProductDependency;
			package = 84B840F72C5425490053EBCC /* XCRemoteSwiftPackageReference "url-image" */;
			productName = URLImage;
		};
		84B840FA2C5425490053EBCC /* URLImageStore */ = {
			isa = XCSwiftPackageProductDependency;
			package = 84B840F72C5425490053EBCC /* XCRemoteSwiftPackageReference "url-image" */;
			productName = URLImageStore;
		};
/* End XCSwiftPackageProductDependency section */
	};
	rootObject = 84B251912C4543A60063DDA1 /* Project object */;
}
